{
  "name": "storeweave-base-b05-scheduler-poc",
  "lockfileVersion": 3,
  "requires": true,
  "packages": {
    "": {
      "name": "storeweave-base-b05-scheduler-poc",
      "dependencies": {
        "cron-parser": "^5.10.0",
        "croner": "^10.0.1",
        "cronosjs": "^1.7.1"
      }
    },
    "node_modules/cron-parser": {
      "version": "5.10.0",
      "resolved": "https://registry.npmjs.org/cron-parser/-/cron-parser-5.10.0.tgz",
      "integrity": "sha512-izNAxJyRWUP8ljBoDSub5WyrVOUlT4SLGShswE7eoRBpp6QUsSycYxLBMJlbshgPBMcPT/nrfgjNY2918ayv2A==",
      "license": "MIT",
      "dependencies": {
        "luxon": "^3.7.2"
      },
      "engines": {
        "node": ">=18"
      }
    },
    "node_modules/croner": {
      "version": "10.0.1",
      "resolved": "https://registry.npmjs.org/croner/-/croner-10.0.1.tgz",
      "integrity": "sha512-ixNtAJndqh173VQ4KodSdJEI6nuioBWI0V1ITNKhZZsO0pEMoDxz539T4FTTbSZ/xIOSuDnzxLVRqBVSvPNE2g==",
      "funding": [
        {
          "type": "other",
          "url": "https://paypal.me/hexagonpp"
        },
        {
          "type": "github",
          "url": "https://github.com/sponsors/hexagon"
        }
      ],
      "license": "MIT",
      "engines": {
        "node": ">=18.0"
      }
    },
    "node_modules/cronosjs": {
      "version": "1.7.1",
      "resolved": "https://registry.npmjs.org/cronosjs/-/cronosjs-1.7.1.tgz",
      "integrity": "sha512-d6S6+ep7dJxsAG8OQQCdKuByI/S/AV64d9OF5mtmcykOyPu92cAkAnF3Tbc9s5oOaLQBYYQmTNvjqYRkPJ/u5Q==",
      "license": "ISC",
      "engines": {
        "node": ">=8.0.0"
      }
    },
    "node_modules/luxon": {
      "version": "3.7.2",
      "resolved": "https://registry.npmjs.org/luxon/-/luxon-3.7.2.tgz",
      "integrity": "sha512-vtEhXh/gNjI9Yg1u4jX/0YVPMvxzHuGgCm6tC5kZyb08yjGWGnqAjGJvcXbqQR2P3MyMEFnRbpcdFS6PBcLqew==",
      "license": "MIT",
      "engines": {
        "node": ">=12"
      }
    }
  }
}
